schema: '2.0'
stages:
  prepare:
    cmd: python src/prepare.py
    deps:
    - path: data/raw
      md5: 11f9a1af6bf393834219c6a5d8bc2d59.dir
      size: 106557364
      nfiles: 13398
    - path: src/prepare.py
      md5: ef804f358e00edcfe52c865b471f8f55
      size: 1231
    outs:
    - path: data/prepared/test.csv
      md5: 46af787deba6724f9042aade8c0cd619
      size: 75436
    - path: data/prepared/train.csv
      md5: a1da54cb6942964d39c0a749a9f01bfa
      size: 191437
  train:
    cmd: python src/train.py
    deps:
    - path: data/prepared/train.csv
      md5: a1da54cb6942964d39c0a749a9f01bfa
      size: 191437
    - path: src/train.py
      md5: fba02db450a577e4eef0ce583a5dca3e
      size: 1325
    outs:
    - path: model/model.joblib
      md5: 9edd793ba3597bf74187b3a7d22796ab
      size: 1696345
  evaluate:
    cmd: python src/evaluate.py
    deps:
    - path: model/model.joblib
      md5: 9edd793ba3597bf74187b3a7d22796ab
      size: 1696345
    - path: src/evaluate.py
      md5: b197277667d6269271fff4ae4af8a941
      size: 645
    outs:
    - path: metrics/accuracy.json
      md5: fa3f5797011067419cd92ce2dd88b0ae
      size: 32
